
Microsoft Visual Studio Solution File, Format Version 12.00
# Visual Studio Version 17
VisualStudioVersion = 17.0.32126.317
MinimumVisualStudioVersion = 10.0.40219.1
Project("{FAE04EC0-301F-11D3-BF4B-00C04F79EFBC}") = "WpfPOS", "WpfPOS\WpfPOS.csproj", "{A1F6B3B0-0747-4ED1-AD50-39E816551B97}"
EndProject
Global
	GlobalSection(SolutionConfigurationPlatforms) = preSolution
		Debug|Any CPU = Debug|Any CPU
		Release|Any CPU = Release|Any CPU
	EndGlobalSection
	GlobalSection(ProjectConfigurationPlatforms) = postSolution
		{A1F6B3B0-0747-4ED1-AD50-39E816551B97}.Debug|Any CPU.ActiveCfg = Debug|Any CPU
		{A1F6B3B0-0747-4ED1-AD50-39E816551B97}.Debug|Any CPU.Build.0 = Debug|Any CPU
		{A1F6B3B0-0747-4ED1-AD50-39E816551B97}.Release|Any CPU.ActiveCfg = Release|Any CPU
		{A1F6B3B0-0747-4ED1-AD50-39E816551B97}.Release|Any CPU.Build.0 = Release|Any CPU
	EndGlobalSection
	GlobalSection(SolutionProperties) = preSolution
		HideSolutionNode = FALSE
	EndGlobalSection
	GlobalSection(ExtensibilityGlobals) = postSolution
		SolutionGuid = {7B740963-498B-4041-877E-4CDE5C7F257E}
	EndGlobalSection
EndGlobal
